
Microsoft Visual Studio Solution File, Format Version 12.00
# Visual Studio Version 17
VisualStudioVersion = 17.0.31903.59
MinimumVisualStudioVersion = 10.0.40219.1
Project("{2150E333-8FDC-42A3-9474-1A3956D46DE8}") = "src", "src", "{827E0CD3-B72D-47B6-A68D-7590B98EB39B}"
EndProject
Project("{FAE04EC0-301F-11D3-BF4B-00C04F79EFBC}") = "Creation.FactoryMethod", "src\Creation.FactoryMethod\Creation.FactoryMethod.csproj", "{1CE855CC-6F55-4FF1-A0C0-16198539A757}"
EndProject
Project("{2150E333-8FDC-42A3-9474-1A3956D46DE8}") = "tests", "tests", "{0C88DD14-F956-CE84-757C-A364CCF449FC}"
EndProject
Project("{FAE04EC0-301F-11D3-BF4B-00C04F79EFBC}") = "Creation.FactoryMethod.Tests", "tests\Creation.FactoryMethod.Tests\Creation.FactoryMethod.Tests.csproj", "{9E7047FA-931D-48CE-95FF-C11392C3AAD8}"
EndProject
Project("{FAE04EC0-301F-11D3-BF4B-00C04F79EFBC}") = "NonSingletonFileLogger", "src\NonSingletonFileLogger\NonSingletonFileLogger.csproj", "{A142DA17-35AF-4DE7-BADC-E1EF70CEB184}"
EndProject
Project("{2150E333-8FDC-42A3-9474-1A3956D46DE8}") = "BadCodeExamples", "BadCodeExamples", "{4C565751-5299-4D59-88F7-4ACB618B89A1}"
EndProject
Project("{2150E333-8FDC-42A3-9474-1A3956D46DE8}") = "Creation.FactoryMethod", "Creation.FactoryMethod", "{4A25E539-E563-4C24-9E53-976F7042D869}"
EndProject
Project("{2150E333-8FDC-42A3-9474-1A3956D46DE8}") = "Creation.Singleton", "Creation.Singleton", "{8A6291F8-7680-46D9-84A0-D1D050B31E78}"
EndProject
Project("{FAE04EC0-301F-11D3-BF4B-00C04F79EFBC}") = "SingletonLogger", "src\SingletonLogger\SingletonLogger.csproj", "{14C0381F-C104-40C8-A4EA-52F7E24BC0C8}"
EndProject
Project("{FAE04EC0-301F-11D3-BF4B-00C04F79EFBC}") = "CacheManager", "src\CacheManager\CacheManager.csproj", "{9FA0B814-3FA1-4E1F-AAAA-8A14915B1A34}"
EndProject
Project("{2150E333-8FDC-42A3-9474-1A3956D46DE8}") = "Miscellaneous", "Miscellaneous", "{DED67CA0-1FAF-45A7-9797-C5714A793537}"
EndProject
Global
	GlobalSection(SolutionConfigurationPlatforms) = preSolution
		Debug|Any CPU = Debug|Any CPU
		Debug|x64 = Debug|x64
		Debug|x86 = Debug|x86
		Release|Any CPU = Release|Any CPU
		Release|x64 = Release|x64
		Release|x86 = Release|x86
	EndGlobalSection
	GlobalSection(ProjectConfigurationPlatforms) = postSolution
		{1CE855CC-6F55-4FF1-A0C0-16198539A757}.Debug|Any CPU.ActiveCfg = Debug|Any CPU
		{1CE855CC-6F55-4FF1-A0C0-16198539A757}.Debug|Any CPU.Build.0 = Debug|Any CPU
		{1CE855CC-6F55-4FF1-A0C0-16198539A757}.Debug|x64.ActiveCfg = Debug|Any CPU
		{1CE855CC-6F55-4FF1-A0C0-16198539A757}.Debug|x64.Build.0 = Debug|Any CPU
		{1CE855CC-6F55-4FF1-A0C0-16198539A757}.Debug|x86.ActiveCfg = Debug|Any CPU
		{1CE855CC-6F55-4FF1-A0C0-16198539A757}.Debug|x86.Build.0 = Debug|Any CPU
		{1CE855CC-6F55-4FF1-A0C0-16198539A757}.Release|Any CPU.ActiveCfg = Release|Any CPU
		{1CE855CC-6F55-4FF1-A0C0-16198539A757}.Release|Any CPU.Build.0 = Release|Any CPU
		{1CE855CC-6F55-4FF1-A0C0-16198539A757}.Release|x64.ActiveCfg = Release|Any CPU
		{1CE855CC-6F55-4FF1-A0C0-16198539A757}.Release|x64.Build.0 = Release|Any CPU
		{1CE855CC-6F55-4FF1-A0C0-16198539A757}.Release|x86.ActiveCfg = Release|Any CPU
		{1CE855CC-6F55-4FF1-A0C0-16198539A757}.Release|x86.Build.0 = Release|Any CPU
		{9E7047FA-931D-48CE-95FF-C11392C3AAD8}.Debug|Any CPU.ActiveCfg = Debug|Any CPU
		{9E7047FA-931D-48CE-95FF-C11392C3AAD8}.Debug|Any CPU.Build.0 = Debug|Any CPU
		{9E7047FA-931D-48CE-95FF-C11392C3AAD8}.Debug|x64.ActiveCfg = Debug|Any CPU
		{9E7047FA-931D-48CE-95FF-C11392C3AAD8}.Debug|x64.Build.0 = Debug|Any CPU
		{9E7047FA-931D-48CE-95FF-C11392C3AAD8}.Debug|x86.ActiveCfg = Debug|Any CPU
		{9E7047FA-931D-48CE-95FF-C11392C3AAD8}.Debug|x86.Build.0 = Debug|Any CPU
		{9E7047FA-931D-48CE-95FF-C11392C3AAD8}.Release|Any CPU.ActiveCfg = Release|Any CPU
		{9E7047FA-931D-48CE-95FF-C11392C3AAD8}.Release|Any CPU.Build.0 = Release|Any CPU
		{9E7047FA-931D-48CE-95FF-C11392C3AAD8}.Release|x64.ActiveCfg = Release|Any CPU
		{9E7047FA-931D-48CE-95FF-C11392C3AAD8}.Release|x64.Build.0 = Release|Any CPU
		{9E7047FA-931D-48CE-95FF-C11392C3AAD8}.Release|x86.ActiveCfg = Release|Any CPU
		{9E7047FA-931D-48CE-95FF-C11392C3AAD8}.Release|x86.Build.0 = Release|Any CPU
		{A142DA17-35AF-4DE7-BADC-E1EF70CEB184}.Debug|Any CPU.ActiveCfg = Debug|Any CPU
		{A142DA17-35AF-4DE7-BADC-E1EF70CEB184}.Debug|Any CPU.Build.0 = Debug|Any CPU
		{A142DA17-35AF-4DE7-BADC-E1EF70CEB184}.Debug|x64.ActiveCfg = Debug|Any CPU
		{A142DA17-35AF-4DE7-BADC-E1EF70CEB184}.Debug|x64.Build.0 = Debug|Any CPU
		{A142DA17-35AF-4DE7-BADC-E1EF70CEB184}.Debug|x86.ActiveCfg = Debug|Any CPU
		{A142DA17-35AF-4DE7-BADC-E1EF70CEB184}.Debug|x86.Build.0 = Debug|Any CPU
		{A142DA17-35AF-4DE7-BADC-E1EF70CEB184}.Release|Any CPU.ActiveCfg = Release|Any CPU
		{A142DA17-35AF-4DE7-BADC-E1EF70CEB184}.Release|Any CPU.Build.0 = Release|Any CPU
		{A142DA17-35AF-4DE7-BADC-E1EF70CEB184}.Release|x64.ActiveCfg = Release|Any CPU
		{A142DA17-35AF-4DE7-BADC-E1EF70CEB184}.Release|x64.Build.0 = Release|Any CPU
		{A142DA17-35AF-4DE7-BADC-E1EF70CEB184}.Release|x86.ActiveCfg = Release|Any CPU
		{A142DA17-35AF-4DE7-BADC-E1EF70CEB184}.Release|x86.Build.0 = Release|Any CPU
		{14C0381F-C104-40C8-A4EA-52F7E24BC0C8}.Debug|Any CPU.ActiveCfg = Debug|Any CPU
		{14C0381F-C104-40C8-A4EA-52F7E24BC0C8}.Debug|Any CPU.Build.0 = Debug|Any CPU
		{14C0381F-C104-40C8-A4EA-52F7E24BC0C8}.Debug|x64.ActiveCfg = Debug|Any CPU
		{14C0381F-C104-40C8-A4EA-52F7E24BC0C8}.Debug|x64.Build.0 = Debug|Any CPU
		{14C0381F-C104-40C8-A4EA-52F7E24BC0C8}.Debug|x86.ActiveCfg = Debug|Any CPU
		{14C0381F-C104-40C8-A4EA-52F7E24BC0C8}.Debug|x86.Build.0 = Debug|Any CPU
		{14C0381F-C104-40C8-A4EA-52F7E24BC0C8}.Release|Any CPU.ActiveCfg = Release|Any CPU
		{14C0381F-C104-40C8-A4EA-52F7E24BC0C8}.Release|Any CPU.Build.0 = Release|Any CPU
		{14C0381F-C104-40C8-A4EA-52F7E24BC0C8}.Release|x64.ActiveCfg = Release|Any CPU
		{14C0381F-C104-40C8-A4EA-52F7E24BC0C8}.Release|x64.Build.0 = Release|Any CPU
		{14C0381F-C104-40C8-A4EA-52F7E24BC0C8}.Release|x86.ActiveCfg = Release|Any CPU
		{14C0381F-C104-40C8-A4EA-52F7E24BC0C8}.Release|x86.Build.0 = Release|Any CPU
		{9FA0B814-3FA1-4E1F-AAAA-8A14915B1A34}.Debug|Any CPU.ActiveCfg = Debug|Any CPU
		{9FA0B814-3FA1-4E1F-AAAA-8A14915B1A34}.Debug|Any CPU.Build.0 = Debug|Any CPU
		{9FA0B814-3FA1-4E1F-AAAA-8A14915B1A34}.Debug|x64.ActiveCfg = Debug|Any CPU
		{9FA0B814-3FA1-4E1F-AAAA-8A14915B1A34}.Debug|x64.Build.0 = Debug|Any CPU
		{9FA0B814-3FA1-4E1F-AAAA-8A14915B1A34}.Debug|x86.ActiveCfg = Debug|Any CPU
		{9FA0B814-3FA1-4E1F-AAAA-8A14915B1A34}.Debug|x86.Build.0 = Debug|Any CPU
		{9FA0B814-3FA1-4E1F-AAAA-8A14915B1A34}.Release|Any CPU.ActiveCfg = Release|Any CPU
		{9FA0B814-3FA1-4E1F-AAAA-8A14915B1A34}.Release|Any CPU.Build.0 = Release|Any CPU
		{9FA0B814-3FA1-4E1F-AAAA-8A14915B1A34}.Release|x64.ActiveCfg = Release|Any CPU
		{9FA0B814-3FA1-4E1F-AAAA-8A14915B1A34}.Release|x64.Build.0 = Release|Any CPU
		{9FA0B814-3FA1-4E1F-AAAA-8A14915B1A34}.Release|x86.ActiveCfg = Release|Any CPU
		{9FA0B814-3FA1-4E1F-AAAA-8A14915B1A34}.Release|x86.Build.0 = Release|Any CPU
	EndGlobalSection
	GlobalSection(SolutionProperties) = preSolution
		HideSolutionNode = FALSE
	EndGlobalSection
	GlobalSection(NestedProjects) = preSolution
		{9E7047FA-931D-48CE-95FF-C11392C3AAD8} = {0C88DD14-F956-CE84-757C-A364CCF449FC}
		{4C565751-5299-4D59-88F7-4ACB618B89A1} = {827E0CD3-B72D-47B6-A68D-7590B98EB39B}
		{A142DA17-35AF-4DE7-BADC-E1EF70CEB184} = {4C565751-5299-4D59-88F7-4ACB618B89A1}
		{4A25E539-E563-4C24-9E53-976F7042D869} = {827E0CD3-B72D-47B6-A68D-7590B98EB39B}
		{1CE855CC-6F55-4FF1-A0C0-16198539A757} = {4A25E539-E563-4C24-9E53-976F7042D869}
		{8A6291F8-7680-46D9-84A0-D1D050B31E78} = {827E0CD3-B72D-47B6-A68D-7590B98EB39B}
		{14C0381F-C104-40C8-A4EA-52F7E24BC0C8} = {8A6291F8-7680-46D9-84A0-D1D050B31E78}
		{9FA0B814-3FA1-4E1F-AAAA-8A14915B1A34} = {8A6291F8-7680-46D9-84A0-D1D050B31E78}
		{DED67CA0-1FAF-45A7-9797-C5714A793537} = {827E0CD3-B72D-47B6-A68D-7590B98EB39B}
	EndGlobalSection
EndGlobal
